
Microsoft Visual Studio Solution File, Format Version 12.00
# Visual Studio Version 16
VisualStudioVersion = 16.0.29009.5
MinimumVisualStudioVersion = 10.0.40219.1
Project("{FAE04EC0-301F-11D3-BF4B-00C04F79EFBC}") = "SalesWpf", "SalesWpf\SalesWpf.csproj", "{6FED5A1D-7F08-4708-BD22-88D876FC825E}"
EndProject
Global
	GlobalSection(SolutionConfigurationPlatforms) = preSolution
		Debug|Any CPU = Debug|Any CPU
		Release|Any CPU = Release|Any CPU
	EndGlobalSection
	GlobalSection(ProjectConfigurationPlatforms) = postSolution
		{6FED5A1D-7F08-4708-BD22-88D876FC825E}.Debug|Any CPU.ActiveCfg = Debug|Any CPU
		{6FED5A1D-7F08-4708-BD22-88D876FC825E}.Debug|Any CPU.Build.0 = Debug|Any CPU
		{6FED5A1D-7F08-4708-BD22-88D876FC825E}.Release|Any CPU.ActiveCfg = Release|Any CPU
		{6FED5A1D-7F08-4708-BD22-88D876FC825E}.Release|Any CPU.Build.0 = Release|Any CPU
	EndGlobalSection
	GlobalSection(SolutionProperties) = preSolution
		HideSolutionNode = FALSE
	EndGlobalSection
	GlobalSection(ExtensibilityGlobals) = postSolution
		SolutionGuid = {529892A7-51D8-43D1-A050-021CA8957693}
	EndGlobalSection
EndGlobal
